
Microsoft Visual Studio Solution File, Format Version 12.00
# Visual Studio 15
VisualStudioVersion = 15.0.27130.2027
MinimumVisualStudioVersion = 10.0.40219.1
Project("{FAE04EC0-301F-11D3-BF4B-00C04F79EFBC}") = "AspNetCore2Docker", "AspNetCore2Docker\AspNetCore2Docker.csproj", "{728E16D9-B197-44ED-9E5A-762DA7106951}"
EndProject
Project("{E53339B2-1760-4266-BCC7-CA923CBCF16C}") = "docker-compose", "docker-compose.dcproj", "{DD7393CE-0449-4204-9A56-3109089370A6}"
EndProject
Global
	GlobalSection(SolutionConfigurationPlatforms) = preSolution
		Debug|Any CPU = Debug|Any CPU
		Release|Any CPU = Release|Any CPU
	EndGlobalSection
	GlobalSection(ProjectConfigurationPlatforms) = postSolution
		{728E16D9-B197-44ED-9E5A-762DA7106951}.Debug|Any CPU.ActiveCfg = Debug|Any CPU
		{728E16D9-B197-44ED-9E5A-762DA7106951}.Debug|Any CPU.Build.0 = Debug|Any CPU
		{728E16D9-B197-44ED-9E5A-762DA7106951}.Release|Any CPU.ActiveCfg = Release|Any CPU
		{728E16D9-B197-44ED-9E5A-762DA7106951}.Release|Any CPU.Build.0 = Release|Any CPU
		{DD7393CE-0449-4204-9A56-3109089370A6}.Debug|Any CPU.ActiveCfg = Debug|Any CPU
		{DD7393CE-0449-4204-9A56-3109089370A6}.Debug|Any CPU.Build.0 = Debug|Any CPU
		{DD7393CE-0449-4204-9A56-3109089370A6}.Release|Any CPU.ActiveCfg = Release|Any CPU
		{DD7393CE-0449-4204-9A56-3109089370A6}.Release|Any CPU.Build.0 = Release|Any CPU
	EndGlobalSection
	GlobalSection(SolutionProperties) = preSolution
		HideSolutionNode = FALSE
	EndGlobalSection
	GlobalSection(ExtensibilityGlobals) = postSolution
		SolutionGuid = {77C90673-50D5-468C-A5A3-58A75FD75D01}
	EndGlobalSection
EndGlobal
